
Microsoft Visual Studio Solution File, Format Version 12.00
# Visual Studio 15
VisualStudioVersion = 15.0.27703.2035
MinimumVisualStudioVersion = 10.0.40219.1
Project("{E24C65DC-7377-472B-9ABA-BC803B73C61A}") = "WebSite1(1)", "WebSite1\", "{FBB55862-BC90-4A3D-A3A0-A4EEF3F80F2B}"
	ProjectSection(WebsiteProperties) = preProject
		TargetFrameworkMoniker = ".NETFramework,Version%3Dv4.6.1"
		Debug.AspNetCompiler.VirtualPath = "/localhost_56871"
		Debug.AspNetCompiler.PhysicalPath = "WebSite1\"
		Debug.AspNetCompiler.TargetPath = "PrecompiledWeb\localhost_56871\"
		Debug.AspNetCompiler.Updateable = "true"
		Debug.AspNetCompiler.ForceOverwrite = "true"
		Debug.AspNetCompiler.FixedNames = "false"
		Debug.AspNetCompiler.Debug = "True"
		Release.AspNetCompiler.VirtualPath = "/localhost_56871"
		Release.AspNetCompiler.PhysicalPath = "WebSite1\"
		Release.AspNetCompiler.TargetPath = "PrecompiledWeb\localhost_56871\"
		Release.AspNetCompiler.Updateable = "true"
		Release.AspNetCompiler.ForceOverwrite = "true"
		Release.AspNetCompiler.FixedNames = "false"
		Release.AspNetCompiler.Debug = "False"
		VWDPort = "56871"
		SlnRelativePath = "WebSite1\"
		DefaultWebSiteLanguage = "Visual C#"
	EndProjectSection
EndProject
Global
	GlobalSection(SolutionConfigurationPlatforms) = preSolution
		Debug|Any CPU = Debug|Any CPU
	EndGlobalSection
	GlobalSection(ProjectConfigurationPlatforms) = postSolution
		{FBB55862-BC90-4A3D-A3A0-A4EEF3F80F2B}.Debug|Any CPU.ActiveCfg = Debug|Any CPU
		{FBB55862-BC90-4A3D-A3A0-A4EEF3F80F2B}.Debug|Any CPU.Build.0 = Debug|Any CPU
	EndGlobalSection
	GlobalSection(SolutionProperties) = preSolution
		HideSolutionNode = FALSE
	EndGlobalSection
	GlobalSection(ExtensibilityGlobals) = postSolution
		SolutionGuid = {C6C461CD-8241-4BC8-A001-04231F440E94}
	EndGlobalSection
EndGlobal
